
Microsoft Visual Studio Solution File, Format Version 12.00
# Visual Studio Version 16
VisualStudioVersion = 16.0.32413.511
MinimumVisualStudioVersion = 10.0.40219.1
Project("{FAE04EC0-301F-11D3-BF4B-00C04F79EFBC}") = "WinFormsApp1", "WinFormsApp1.csproj", "{5E9676E5-4951-4614-8017-A3E26CED97AA}"
EndProject
Global
	GlobalSection(SolutionConfigurationPlatforms) = preSolution
		Debug|Any CPU = Debug|Any CPU
		Release|Any CPU = Release|Any CPU
	EndGlobalSection
	GlobalSection(ProjectConfigurationPlatforms) = postSolution
		{5E9676E5-4951-4614-8017-A3E26CED97AA}.Debug|Any CPU.ActiveCfg = Debug|Any CPU
		{5E9676E5-4951-4614-8017-A3E26CED97AA}.Debug|Any CPU.Build.0 = Debug|Any CPU
		{5E9676E5-4951-4614-8017-A3E26CED97AA}.Release|Any CPU.ActiveCfg = Release|Any CPU
		{5E9676E5-4951-4614-8017-A3E26CED97AA}.Release|Any CPU.Build.0 = Release|Any CPU
	EndGlobalSection
	GlobalSection(SolutionProperties) = preSolution
		HideSolutionNode = FALSE
	EndGlobalSection
	GlobalSection(ExtensibilityGlobals) = postSolution
		SolutionGuid = {F5E31670-E004-4E88-8900-5AC9F8A311E4}
	EndGlobalSection
EndGlobal
